{
  "version": 4,
  "terraform_version": "1.7.5",
  "serial": 4,
  "lineage": "1e26dca3-bdfa-abd6-6505-e815a5ce6221",
  "outputs": {},
  "resources": [
    {
      "mode": "managed",
      "type": "docker_image",
      "name": "nginx_image",
      "provider": "provider[\"registry.terraform.io/kreuzwerker/docker\"]",
      "instances": [
        {
          "schema_version": 0,
          "attributes": {
            "build": [],
            "force_remove": null,
            "id": "sha256:25d0f5e5d6da4d2239c0162571062e340c2d4b9b6b3190c07e4ca087c3929371nginx:1.23.3",
            "image_id": "sha256:25d0f5e5d6da4d2239c0162571062e340c2d4b9b6b3190c07e4ca087c3929371",
            "keep_locally": null,
            "name": "nginx:1.23.3",
            "platform": null,
            "pull_triggers": null,
            "repo_digest": "nginx@sha256:f4e3b6489888647ce1834b601c6c06b9f8c03dee6e097e13ed3e28c01ea3ac8c",
            "triggers": null
          },
          "sensitive_attributes": [],
          "private": "bnVsbA=="
        }
      ]
    }
  ],
  "check_results": null
}
